
Microsoft Visual Studio Solution File, Format Version 12.00
# Visual Studio Version 17
VisualStudioVersion = 17.5.33424.131
MinimumVisualStudioVersion = 10.0.40219.1
Project("{FAE04EC0-301F-11D3-BF4B-00C04F79EFBC}") = "Voxima", "Voxima\Voxima.csproj", "{55D79170-D823-42D0-AF33-936A3D2B295E}"
EndProject
Project("{FAE04EC0-301F-11D3-BF4B-00C04F79EFBC}") = "Utilities", "Utilities\Utilities.csproj", "{26765955-6969-42F4-8D0E-ED47475E4562}"
EndProject
Global
	GlobalSection(SolutionConfigurationPlatforms) = preSolution
		Debug|Any CPU = Debug|Any CPU
		Release|Any CPU = Release|Any CPU
	EndGlobalSection
	GlobalSection(ProjectConfigurationPlatforms) = postSolution
		{55D79170-D823-42D0-AF33-936A3D2B295E}.Debug|Any CPU.ActiveCfg = Debug|Any CPU
		{55D79170-D823-42D0-AF33-936A3D2B295E}.Debug|Any CPU.Build.0 = Debug|Any CPU
		{55D79170-D823-42D0-AF33-936A3D2B295E}.Release|Any CPU.ActiveCfg = Release|Any CPU
		{55D79170-D823-42D0-AF33-936A3D2B295E}.Release|Any CPU.Build.0 = Release|Any CPU
		{26765955-6969-42F4-8D0E-ED47475E4562}.Debug|Any CPU.ActiveCfg = Debug|Any CPU
		{26765955-6969-42F4-8D0E-ED47475E4562}.Debug|Any CPU.Build.0 = Debug|Any CPU
		{26765955-6969-42F4-8D0E-ED47475E4562}.Release|Any CPU.ActiveCfg = Release|Any CPU
		{26765955-6969-42F4-8D0E-ED47475E4562}.Release|Any CPU.Build.0 = Release|Any CPU
	EndGlobalSection
	GlobalSection(SolutionProperties) = preSolution
		HideSolutionNode = FALSE
	EndGlobalSection
	GlobalSection(ExtensibilityGlobals) = postSolution
		SolutionGuid = {E2844757-8B5D-44B7-9676-659075E3381C}
	EndGlobalSection
EndGlobal
